#MicroXplorer Configuration settings - do not modify
ADC.Channel-2\#ChannelRegularConversion=ADC_CHANNEL_18
ADC.DMAContinuousRequests=ENABLE
ADC.ExternalTrigConv=ADC_EXTERNALTRIGCONV_T3_TRGO
ADC.IPParameters=Rank-2\#ChannelRegularConversion,Channel-2\#ChannelRegularConversion,SamplingTime-2\#ChannelRegularConversion,NbrOfConversionFlag,ExternalTrigConv,DMAContinuousRequests,ScanConvMode
ADC.NbrOfConversionFlag=1
ADC.Rank-2\#ChannelRegularConversion=1
ADC.SamplingTime-2\#ChannelRegularConversion=ADC_SAMPLETIME_4CYCLES
ADC.ScanConvMode=ADC_SCAN_ENABLE
CAD.formats=
CAD.pinconfig=
CAD.provider=
Dma.ADC.0.Direction=DMA_PERIPH_TO_MEMORY
Dma.ADC.0.Instance=DMA1_Channel1
Dma.ADC.0.MemDataAlignment=DMA_MDATAALIGN_HALFWORD
Dma.ADC.0.MemInc=DMA_MINC_ENABLE
Dma.ADC.0.Mode=DMA_CIRCULAR
Dma.ADC.0.PeriphDataAlignment=DMA_PDATAALIGN_HALFWORD
Dma.ADC.0.PeriphInc=DMA_PINC_DISABLE
Dma.ADC.0.Priority=DMA_PRIORITY_VERY_HIGH
Dma.ADC.0.RequestParameters=Instance,Direction,PeriphInc,MemInc,PeriphDataAlignment,MemDataAlignment,Mode,Priority
Dma.Request0=ADC
Dma.RequestsNb=1
File.Version=6
GPIO.groupedBy=Show All
KeepUserPlacement=false
Mcu.CPN=STM32L151C8T6
Mcu.Family=STM32L1
Mcu.IP0=ADC
Mcu.IP1=DMA
Mcu.IP2=NVIC
Mcu.IP3=RCC
Mcu.IP4=SYS
Mcu.IP5=TIM2
Mcu.IP6=TIM3
Mcu.IP7=TIM4
Mcu.IP8=USART1
Mcu.IPNb=9
Mcu.Name=STM32L151C(6-8-B)Tx
Mcu.Package=LQFP48
Mcu.Pin0=PA3
Mcu.Pin1=PB1
Mcu.Pin10=VP_TIM2_VS_ClockSourceINT
Mcu.Pin11=VP_TIM2_VS_ClockSourceITR
Mcu.Pin12=VP_TIM3_VS_ControllerModeTrigger
Mcu.Pin13=VP_TIM3_VS_ClockSourceITR
Mcu.Pin14=VP_TIM4_VS_no_output4
Mcu.Pin2=PB12
Mcu.Pin3=PB14
Mcu.Pin4=PA9
Mcu.Pin5=PA10
Mcu.Pin6=PA13
Mcu.Pin7=PA14
Mcu.Pin8=VP_SYS_VS_Systick
Mcu.Pin9=VP_TIM2_VS_ControllerModeTrigger
Mcu.PinsNb=15
Mcu.ThirdPartyNb=0
Mcu.UserConstants=
Mcu.UserName=STM32L151C8Tx
MxCube.Version=6.17.0
MxDb.Version=DB.6.0.170
NVIC.ADC1_IRQn=true\:0\:0\:false\:false\:true\:true\:true\:true
NVIC.BusFault_IRQn=true\:0\:0\:false\:false\:true\:false\:false\:false
NVIC.DMA1_Channel1_IRQn=true\:0\:0\:false\:false\:true\:false\:true\:true
NVIC.DebugMonitor_IRQn=true\:0\:0\:false\:false\:true\:false\:false\:false
NVIC.ForceEnableDMAVector=true
NVIC.HardFault_IRQn=true\:0\:0\:false\:false\:true\:false\:false\:false
NVIC.MemoryManagement_IRQn=true\:0\:0\:false\:false\:true\:false\:false\:false
NVIC.NonMaskableInt_IRQn=true\:0\:0\:false\:false\:true\:false\:false\:false
NVIC.PendSV_IRQn=true\:0\:0\:false\:false\:true\:false\:false\:false
NVIC.PriorityGroup=NVIC_PRIORITYGROUP_4
NVIC.SVC_IRQn=true\:0\:0\:false\:false\:true\:false\:false\:true
NVIC.SysTick_IRQn=true\:15\:0\:false\:false\:true\:false\:true\:false
NVIC.TIM2_IRQn=true\:0\:0\:false\:false\:true\:true\:true\:true
NVIC.UsageFault_IRQn=true\:0\:0\:false\:false\:true\:false\:false\:false
PA10.Mode=Asynchronous
PA10.Signal=USART1_RX
PA13.Locked=true
PA13.Mode=Serial_Wire
PA13.Signal=SYS_JTMS-SWDIO
PA14.Locked=true
PA14.Mode=Serial_Wire
PA14.Signal=SYS_JTCK-SWCLK
PA3.Locked=true
PA3.Signal=S_TIM2_CH4
PA9.Mode=Asynchronous
PA9.Signal=USART1_TX
PB1.Signal=S_TIM3_CH4
PB12.Locked=true
PB12.Mode=IN18
PB12.Signal=ADC_IN18
PB14.GPIOParameters=GPIO_Speed
PB14.GPIO_Speed=GPIO_SPEED_FREQ_VERY_HIGH
PB14.Locked=true
PB14.Signal=GPIO_Output
PinOutPanel.RotationAngle=0
ProjectManager.AskForMigrate=true
ProjectManager.BackupPrevious=false
ProjectManager.CompilerLinker=GCC
ProjectManager.CompilerOptimize=6
ProjectManager.ComputerToolchain=false
ProjectManager.CoupleFile=false
ProjectManager.CustomerFirmwarePackage=
ProjectManager.DefaultFWLocation=true
ProjectManager.DeletePrevious=true
ProjectManager.DeviceId=STM32L151C8Tx
ProjectManager.FirmwarePackage=STM32Cube FW_L1 V1.10.6
ProjectManager.FreePins=true
ProjectManager.FreePinsContext=
ProjectManager.HalAssertFull=false
ProjectManager.HeapSize=0x200
ProjectManager.KeepUserCode=true
ProjectManager.LastFirmware=true
ProjectManager.LibraryCopy=1
ProjectManager.MainLocation=Src
ProjectManager.NoMain=false
ProjectManager.PreviousToolchain=STM32CubeIDE
ProjectManager.ProjectBuild=false
ProjectManager.ProjectFileName=DeerConverter3.ioc
ProjectManager.ProjectName=DeerConverter3
ProjectManager.ProjectStructure=
ProjectManager.RegisterCallBack=
ProjectManager.StackSize=0x400
ProjectManager.TargetToolchain=STM32CubeIDE
ProjectManager.ToolChainLocation=
ProjectManager.UAScriptAfterPath=
ProjectManager.UAScriptBeforePath=
ProjectManager.UnderRoot=true
ProjectManager.functionlistsort=1-SystemClock_Config-RCC-false-HAL-false,2-MX_GPIO_Init-GPIO-false-HAL-true,3-MX_DMA_Init-DMA-false-HAL-true,4-MX_TIM2_Init-TIM2-false-HAL-true,5-MX_ADC_Init-ADC-false-HAL-true,6-MX_USART1_UART_Init-USART1-false-HAL-true,7-MX_TIM3_Init-TIM3-false-HAL-true,8-MX_TIM4_Init-TIM4-false-HAL-true
RCC.48MHZClocksFreq_Value=32000000
RCC.AHBFreq_Value=32000000
RCC.APB1Freq_Value=32000000
RCC.APB1TimFreq_Value=32000000
RCC.APB2Freq_Value=32000000
RCC.APB2TimFreq_Value=32000000
RCC.FCLKCortexFreq_Value=32000000
RCC.FamilyName=M
RCC.HCLKFreq_Value=32000000
RCC.HSE_VALUE=24000000
RCC.HSI_VALUE=16000000
RCC.IPParameters=48MHZClocksFreq_Value,AHBFreq_Value,APB1Freq_Value,APB1TimFreq_Value,APB2Freq_Value,APB2TimFreq_Value,FCLKCortexFreq_Value,FamilyName,HCLKFreq_Value,HSE_VALUE,HSI_VALUE,LSE_VALUE,LSI_VALUE,MCOPinFreq_Value,MSI_VALUE,PLLCLKFreq_Value,PLLMUL,PWRFreq_Value,RTCFreq_Value,RTCHSEDivFreq_Value,SYSCLKFreq_VALUE,SYSCLKSource,TIMFreq_Value,TimerFreq_Value,VCOOutputFreq_Value
RCC.LSE_VALUE=32768
RCC.LSI_VALUE=37000
RCC.MCOPinFreq_Value=32000000
RCC.MSI_VALUE=2097000
RCC.PLLCLKFreq_Value=32000000
RCC.PLLMUL=RCC_PLL_MUL4
RCC.PWRFreq_Value=32000000
RCC.RTCFreq_Value=37000
RCC.RTCHSEDivFreq_Value=12000000
RCC.SYSCLKFreq_VALUE=32000000
RCC.SYSCLKSource=RCC_SYSCLKSOURCE_PLLCLK
RCC.TIMFreq_Value=32000000
RCC.TimerFreq_Value=32000000
RCC.VCOOutputFreq_Value=64000000
SH.S_TIM2_CH4.0=TIM2_CH4,PWM Generation4 CH4
SH.S_TIM2_CH4.ConfNb=1
SH.S_TIM3_CH4.0=TIM3_CH4,Output Compare4 CH4
SH.S_TIM3_CH4.ConfNb=1
TIM2.AutoReloadPreload=TIM_AUTORELOAD_PRELOAD_ENABLE
TIM2.Channel-PWM\ Generation4\ CH4=TIM_CHANNEL_4
TIM2.CounterMode=TIM_COUNTERMODE_CENTERALIGNED3
TIM2.IPParameters=Prescaler,Channel-PWM Generation4 CH4,Pulse-PWM Generation4 CH4,Period,CounterMode,TIM_MasterOutputTrigger,TIM_MasterSlaveMode,AutoReloadPreload
TIM2.Period=100
TIM2.Prescaler=0
TIM2.Pulse-PWM\ Generation4\ CH4=40
TIM2.TIM_MasterOutputTrigger=TIM_TRGO_RESET
TIM2.TIM_MasterSlaveMode=TIM_MASTERSLAVEMODE_DISABLE
TIM3.AutoReloadPreload=TIM_AUTORELOAD_PRELOAD_ENABLE
TIM3.Channel-Output\ Compare4\ CH4=TIM_CHANNEL_4
TIM3.CounterMode=TIM_COUNTERMODE_CENTERALIGNED3
TIM3.IPParameters=Period,CounterMode,AutoReloadPreload,TIM_MasterOutputTrigger,Channel-Output Compare4 CH4,OCMode_4,Pulse-Output Compare4 CH4
TIM3.OCMode_4=TIM_OCMODE_TOGGLE
TIM3.Period=200
TIM3.Pulse-Output\ Compare4\ CH4=200
TIM3.TIM_MasterOutputTrigger=TIM_TRGO_OC1
TIM4.Channel-PWM\ Generation4\ No\ Output=TIM_CHANNEL_4
TIM4.IPParameters=Channel-PWM Generation4 No Output,TIM_MasterOutputTrigger,Period
TIM4.Period=99
TIM4.TIM_MasterOutputTrigger=TIM_TRGO_UPDATE
USART1.IPParameters=VirtualMode
USART1.VirtualMode=VM_ASYNC
VP_SYS_VS_Systick.Mode=SysTick
VP_SYS_VS_Systick.Signal=SYS_VS_Systick
VP_TIM2_VS_ClockSourceINT.Mode=Internal
VP_TIM2_VS_ClockSourceINT.Signal=TIM2_VS_ClockSourceINT
VP_TIM2_VS_ClockSourceITR.Mode=TriggerSource_ITR3
VP_TIM2_VS_ClockSourceITR.Signal=TIM2_VS_ClockSourceITR
VP_TIM2_VS_ControllerModeTrigger.Mode=Trigger Mode
VP_TIM2_VS_ControllerModeTrigger.Signal=TIM2_VS_ControllerModeTrigger
VP_TIM3_VS_ClockSourceITR.Mode=TriggerSource_ITR3
VP_TIM3_VS_ClockSourceITR.Signal=TIM3_VS_ClockSourceITR
VP_TIM3_VS_ControllerModeTrigger.Mode=Trigger Mode
VP_TIM3_VS_ControllerModeTrigger.Signal=TIM3_VS_ControllerModeTrigger
VP_TIM4_VS_no_output4.Mode=PWM Generation4 No Output
VP_TIM4_VS_no_output4.Signal=TIM4_VS_no_output4
board=custom
